
Microsoft Visual Studio Solution File, Format Version 12.00
# Visual Studio Version 17
VisualStudioVersion = 17.14.36121.58 d17.14
MinimumVisualStudioVersion = 10.0.40219.1
Project("{FAE04EC0-301F-11D3-BF4B-00C04F79EFBC}") = "Eternet.WebApiService.Template", "Eternet.Service.Template\Eternet.WebApiService.Template.csproj", "{56B829AD-A17E-2BAF-1E42-816DF5493DBD}"
EndProject
Global
	GlobalSection(SolutionConfigurationPlatforms) = preSolution
		Debug|Any CPU = Debug|Any CPU
		Release|Any CPU = Release|Any CPU
	EndGlobalSection
	GlobalSection(ProjectConfigurationPlatforms) = postSolution
		{56B829AD-A17E-2BAF-1E42-816DF5493DBD}.Debug|Any CPU.ActiveCfg = Debug|Any CPU
		{56B829AD-A17E-2BAF-1E42-816DF5493DBD}.Debug|Any CPU.Build.0 = Debug|Any CPU
		{56B829AD-A17E-2BAF-1E42-816DF5493DBD}.Release|Any CPU.ActiveCfg = Release|Any CPU
		{56B829AD-A17E-2BAF-1E42-816DF5493DBD}.Release|Any CPU.Build.0 = Release|Any CPU
	EndGlobalSection
	GlobalSection(SolutionProperties) = preSolution
		HideSolutionNode = FALSE
	EndGlobalSection
	GlobalSection(ExtensibilityGlobals) = postSolution
		SolutionGuid = {2FFA2B81-29E7-496D-B903-F82B70EA7C1C}
	EndGlobalSection
EndGlobal
